
Microsoft Visual Studio Solution File, Format Version 12.00
# Visual Studio 15
Project("{FAE04EC0-301F-11D3-BF4B-00C04F79EFBC}") = "eLog_App.Android", "eLog_App.Android\eLog_App.Android.csproj", "{F5F3786A-342D-48BA-AB7B-F3D285F668A1}"
EndProject
Project("{FAE04EC0-301F-11D3-BF4B-00C04F79EFBC}") = "eLog_App.iOS", "eLog_App.iOS\eLog_App.iOS.csproj", "{1DA62991-E588-4940-9A69-450F590B8F6A}"
EndProject
Project("{FAE04EC0-301F-11D3-BF4B-00C04F79EFBC}") = "eLog_App", "eLog_App\eLog_App.csproj", "{6A3C46A0-D465-45F7-8EB7-B572021FDCD0}"
EndProject
Global
	GlobalSection(SolutionConfigurationPlatforms) = preSolution
		Debug|Any CPU = Debug|Any CPU
		Release|Any CPU = Release|Any CPU
		Debug|iPhoneSimulator = Debug|iPhoneSimulator
		Release|iPhoneSimulator = Release|iPhoneSimulator
		Debug|iPhone = Debug|iPhone
		Release|iPhone = Release|iPhone
	EndGlobalSection
	GlobalSection(ProjectConfigurationPlatforms) = postSolution
		{F5F3786A-342D-48BA-AB7B-F3D285F668A1}.Debug|Any CPU.ActiveCfg = Debug|Any CPU
		{F5F3786A-342D-48BA-AB7B-F3D285F668A1}.Debug|Any CPU.Build.0 = Debug|Any CPU
		{F5F3786A-342D-48BA-AB7B-F3D285F668A1}.Release|Any CPU.ActiveCfg = Release|Any CPU
		{F5F3786A-342D-48BA-AB7B-F3D285F668A1}.Release|Any CPU.Build.0 = Release|Any CPU
		{F5F3786A-342D-48BA-AB7B-F3D285F668A1}.Debug|iPhoneSimulator.ActiveCfg = Debug|Any CPU
		{F5F3786A-342D-48BA-AB7B-F3D285F668A1}.Debug|iPhoneSimulator.Build.0 = Debug|Any CPU
		{F5F3786A-342D-48BA-AB7B-F3D285F668A1}.Release|iPhoneSimulator.ActiveCfg = Release|Any CPU
		{F5F3786A-342D-48BA-AB7B-F3D285F668A1}.Release|iPhoneSimulator.Build.0 = Release|Any CPU
		{F5F3786A-342D-48BA-AB7B-F3D285F668A1}.Debug|iPhone.ActiveCfg = Debug|Any CPU
		{F5F3786A-342D-48BA-AB7B-F3D285F668A1}.Debug|iPhone.Build.0 = Debug|Any CPU
		{F5F3786A-342D-48BA-AB7B-F3D285F668A1}.Release|iPhone.ActiveCfg = Release|Any CPU
		{F5F3786A-342D-48BA-AB7B-F3D285F668A1}.Release|iPhone.Build.0 = Release|Any CPU
		{1DA62991-E588-4940-9A69-450F590B8F6A}.Debug|Any CPU.ActiveCfg = Debug|iPhoneSimulator
		{1DA62991-E588-4940-9A69-450F590B8F6A}.Debug|Any CPU.Build.0 = Debug|iPhoneSimulator
		{1DA62991-E588-4940-9A69-450F590B8F6A}.Release|Any CPU.ActiveCfg = Release|iPhoneSimulator
		{1DA62991-E588-4940-9A69-450F590B8F6A}.Release|Any CPU.Build.0 = Release|iPhoneSimulator
		{1DA62991-E588-4940-9A69-450F590B8F6A}.Debug|iPhoneSimulator.ActiveCfg = Debug|iPhoneSimulator
		{1DA62991-E588-4940-9A69-450F590B8F6A}.Debug|iPhoneSimulator.Build.0 = Debug|iPhoneSimulator
		{1DA62991-E588-4940-9A69-450F590B8F6A}.Release|iPhoneSimulator.ActiveCfg = Release|iPhoneSimulator
		{1DA62991-E588-4940-9A69-450F590B8F6A}.Release|iPhoneSimulator.Build.0 = Release|iPhoneSimulator
		{1DA62991-E588-4940-9A69-450F590B8F6A}.Debug|iPhone.ActiveCfg = Debug|iPhone
		{1DA62991-E588-4940-9A69-450F590B8F6A}.Debug|iPhone.Build.0 = Debug|iPhone
		{1DA62991-E588-4940-9A69-450F590B8F6A}.Release|iPhone.ActiveCfg = Release|iPhone
		{1DA62991-E588-4940-9A69-450F590B8F6A}.Release|iPhone.Build.0 = Release|iPhone
		{6A3C46A0-D465-45F7-8EB7-B572021FDCD0}.Debug|Any CPU.ActiveCfg = Debug|Any CPU
		{6A3C46A0-D465-45F7-8EB7-B572021FDCD0}.Debug|Any CPU.Build.0 = Debug|Any CPU
		{6A3C46A0-D465-45F7-8EB7-B572021FDCD0}.Release|Any CPU.ActiveCfg = Release|Any CPU
		{6A3C46A0-D465-45F7-8EB7-B572021FDCD0}.Release|Any CPU.Build.0 = Release|Any CPU
		{6A3C46A0-D465-45F7-8EB7-B572021FDCD0}.Debug|iPhoneSimulator.ActiveCfg = Debug|Any CPU
		{6A3C46A0-D465-45F7-8EB7-B572021FDCD0}.Debug|iPhoneSimulator.Build.0 = Debug|Any CPU
		{6A3C46A0-D465-45F7-8EB7-B572021FDCD0}.Release|iPhoneSimulator.ActiveCfg = Release|Any CPU
		{6A3C46A0-D465-45F7-8EB7-B572021FDCD0}.Release|iPhoneSimulator.Build.0 = Release|Any CPU
		{6A3C46A0-D465-45F7-8EB7-B572021FDCD0}.Debug|iPhone.ActiveCfg = Debug|Any CPU
		{6A3C46A0-D465-45F7-8EB7-B572021FDCD0}.Debug|iPhone.Build.0 = Debug|Any CPU
		{6A3C46A0-D465-45F7-8EB7-B572021FDCD0}.Release|iPhone.ActiveCfg = Release|Any CPU
		{6A3C46A0-D465-45F7-8EB7-B572021FDCD0}.Release|iPhone.Build.0 = Release|Any CPU
	EndGlobalSection
EndGlobal
